
Microsoft Visual Studio Solution File, Format Version 12.00
# Visual Studio Version 17
VisualStudioVersion = 17.11.35303.130
MinimumVisualStudioVersion = 10.0.40219.1
Project("{FAE04EC0-301F-11D3-BF4B-00C04F79EFBC}") = "Practica1", "Practica1.csproj", "{8069673C-A18C-468A-9A82-DE006C292232}"
EndProject
Global
	GlobalSection(SolutionConfigurationPlatforms) = preSolution
		Debug|Any CPU = Debug|Any CPU
		Release|Any CPU = Release|Any CPU
	EndGlobalSection
	GlobalSection(ProjectConfigurationPlatforms) = postSolution
		{8069673C-A18C-468A-9A82-DE006C292232}.Debug|Any CPU.ActiveCfg = Debug|Any CPU
		{8069673C-A18C-468A-9A82-DE006C292232}.Debug|Any CPU.Build.0 = Debug|Any CPU
		{8069673C-A18C-468A-9A82-DE006C292232}.Release|Any CPU.ActiveCfg = Release|Any CPU
		{8069673C-A18C-468A-9A82-DE006C292232}.Release|Any CPU.Build.0 = Release|Any CPU
	EndGlobalSection
	GlobalSection(SolutionProperties) = preSolution
		HideSolutionNode = FALSE
	EndGlobalSection
	GlobalSection(ExtensibilityGlobals) = postSolution
		SolutionGuid = {38302608-48DF-4962-AB92-F67F5A8A9E02}
	EndGlobalSection
EndGlobal
